// !$*UTF8*$!
{
	archiveVersion = 1;
	classes = {
	};
	objectVersion = 56;
	objects = {

/* Begin PBXBuildFile section */
		83367A952BC7998A00E9A614 /* ECommerceSportSwiftUiApp.swift in Sources */ = {isa = PBXBuildFile; fileRef = 83367A942BC7998A00E9A614 /* ECommerceSportSwiftUiApp.swift */; };
		83367A992BC7998C00E9A614 /* Assets.xcassets in Resources */ = {isa = PBXBuildFile; fileRef = 83367A982BC7998C00E9A614 /* Assets.xcassets */; };
		83367A9C2BC7998C00E9A614 /* Preview Assets.xcassets in Resources */ = {isa = PBXBuildFile; fileRef = 83367A9B2BC7998C00E9A614 /* Preview Assets.xcassets */; };
		83367AA62BC7998C00E9A614 /* ECommerceSportSwiftUiTests.swift in Sources */ = {isa = PBXBuildFile; fileRef = 83367AA52BC7998C00E9A614 /* ECommerceSportSwiftUiTests.swift */; };
		83367AB02BC7998C00E9A614 /* ECommerceSportSwiftUiUITests.swift in Sources */ = {isa = PBXBuildFile; fileRef = 83367AAF2BC7998C00E9A614 /* ECommerceSportSwiftUiUITests.swift */; };
		83367AB22BC7998C00E9A614 /* ECommerceSportSwiftUiUITestsLaunchTests.swift in Sources */ = {isa = PBXBuildFile; fileRef = 83367AB12BC7998C00E9A614 /* ECommerceSportSwiftUiUITestsLaunchTests.swift */; };
		83367AC32BC79F4E00E9A614 /* Gilroy-SemiBold.ttf in Resources */ = {isa = PBXBuildFile; fileRef = 83367ABF2BC79F4E00E9A614 /* Gilroy-SemiBold.ttf */; };
		83367AC42BC79F4E00E9A614 /* Gilroy-Bold.ttf in Resources */ = {isa = PBXBuildFile; fileRef = 83367AC02BC79F4E00E9A614 /* Gilroy-Bold.ttf */; };
		83367AC52BC79F4E00E9A614 /* Gilroy-Regular.ttf in Resources */ = {isa = PBXBuildFile; fileRef = 83367AC12BC79F4E00E9A614 /* Gilroy-Regular.ttf */; };
		83367AC62BC79F4E00E9A614 /* Gilroy-Medium.ttf in Resources */ = {isa = PBXBuildFile; fileRef = 83367AC22BC79F4E00E9A614 /* Gilroy-Medium.ttf */; };
		83367ACE2BC7A4B300E9A614 /* WelcomeView.swift in Sources */ = {isa = PBXBuildFile; fileRef = 83367ACD2BC7A4B300E9A614 /* WelcomeView.swift */; };
		83367AD02BC7A64400E9A614 /* Launch Screen.storyboard in Resources */ = {isa = PBXBuildFile; fileRef = 83367ACF2BC7A64400E9A614 /* Launch Screen.storyboard */; };
		83367AD22BC7AD4D00E9A614 /* UIExtension.swift in Sources */ = {isa = PBXBuildFile; fileRef = 83367AD12BC7AD4D00E9A614 /* UIExtension.swift */; };
		8358A8B62BD3ECA7004BA1EC /* CountryPicker in Frameworks */ = {isa = PBXBuildFile; productRef = 8358A8B52BD3ECA7004BA1EC /* CountryPicker */; };
		8358A8B82BD3F199004BA1EC /* CountryPickerUI.swift in Sources */ = {isa = PBXBuildFile; fileRef = 8358A8B72BD3F199004BA1EC /* CountryPickerUI.swift */; };
		83650EE72BCE7FEE00844961 /* RoundButton.swift in Sources */ = {isa = PBXBuildFile; fileRef = 83650EE62BCE7FEE00844961 /* RoundButton.swift */; };
		83650EE92BCE831100844961 /* SignInView.swift in Sources */ = {isa = PBXBuildFile; fileRef = 83650EE82BCE831100844961 /* SignInView.swift */; };
/* End PBXBuildFile section */

/* Begin PBXContainerItemProxy section */
		83367AA22BC7998C00E9A614 /* PBXContainerItemProxy */ = {
			isa = PBXContainerItemProxy;
			containerPortal = 83367A892BC7998A00E9A614 /* Project object */;
			proxyType = 1;
			remoteGlobalIDString = 83367A902BC7998A00E9A614;
			remoteInfo = ECommerceSportSwiftUi;
		};
		83367AAC2BC7998C00E9A614 /* PBXContainerItemProxy */ = {
			isa = PBXContainerItemProxy;
			containerPortal = 83367A892BC7998A00E9A614 /* Project object */;
			proxyType = 1;
			remoteGlobalIDString = 83367A902BC7998A00E9A614;
			remoteInfo = ECommerceSportSwiftUi;
		};
/* End PBXContainerItemProxy section */

/* Begin PBXFileReference section */
		83367A912BC7998A00E9A614 /* ECommerceSportSwiftUi.app */ = {isa = PBXFileReference; explicitFileType = wrapper.application; includeInIndex = 0; path = ECommerceSportSwiftUi.app; sourceTree = BUILT_PRODUCTS_DIR; };
		83367A942BC7998A00E9A614 /* ECommerceSportSwiftUiApp.swift */ = {isa = PBXFileReference; lastKnownFileType = sourcecode.swift; path = ECommerceSportSwiftUiApp.swift; sourceTree = "<group>"; };
		83367A982BC7998C00E9A614 /* Assets.xcassets */ = {isa = PBXFileReference; lastKnownFileType = folder.assetcatalog; path = Assets.xcassets; sourceTree = "<group>"; };
		83367A9B2BC7998C00E9A614 /* Preview Assets.xcassets */ = {isa = PBXFileReference; lastKnownFileType = folder.assetcatalog; path = "Preview Assets.xcassets"; sourceTree = "<group>"; };
		83367AA12BC7998C00E9A614 /* ECommerceSportSwiftUiTests.xctest */ = {isa = PBXFileReference; explicitFileType = wrapper.cfbundle; includeInIndex = 0; path = ECommerceSportSwiftUiTests.xctest; sourceTree = BUILT_PRODUCTS_DIR; };
		83367AA52BC7998C00E9A614 /* ECommerceSportSwiftUiTests.swift */ = {isa = PBXFileReference; lastKnownFileType = sourcecode.swift; path = ECommerceSportSwiftUiTests.swift; sourceTree = "<group>"; };
		83367AAB2BC7998C00E9A614 /* ECommerceSportSwiftUiUITests.xctest */ = {isa = PBXFileReference; explicitFileType = wrapper.cfbundle; includeInIndex = 0; path = ECommerceSportSwiftUiUITests.xctest; sourceTree = BUILT_PRODUCTS_DIR; };
		83367AAF2BC7998C00E9A614 /* ECommerceSportSwiftUiUITests.swift */ = {isa = PBXFileReference; lastKnownFileType = sourcecode.swift; path = ECommerceSportSwiftUiUITests.swift; sourceTree = "<group>"; };
		83367AB12BC7998C00E9A614 /* ECommerceSportSwiftUiUITestsLaunchTests.swift */ = {isa = PBXFileReference; lastKnownFileType = sourcecode.swift; path = ECommerceSportSwiftUiUITestsLaunchTests.swift; sourceTree = "<group>"; };
		83367ABF2BC79F4E00E9A614 /* Gilroy-SemiBold.ttf */ = {isa = PBXFileReference; lastKnownFileType = file; path = "Gilroy-SemiBold.ttf"; sourceTree = "<group>"; };
		83367AC02BC79F4E00E9A614 /* Gilroy-Bold.ttf */ = {isa = PBXFileReference; lastKnownFileType = file; path = "Gilroy-Bold.ttf"; sourceTree = "<group>"; };
		83367AC12BC79F4E00E9A614 /* Gilroy-Regular.ttf */ = {isa = PBXFileReference; lastKnownFileType = file; path = "Gilroy-Regular.ttf"; sourceTree = "<group>"; };
		83367AC22BC79F4E00E9A614 /* Gilroy-Medium.ttf */ = {isa = PBXFileReference; lastKnownFileType = file; path = "Gilroy-Medium.ttf"; sourceTree = "<group>"; };
		83367AC72BC79FF000E9A614 /* Info.plist */ = {isa = PBXFileReference; lastKnownFileType = text.plist; path = Info.plist; sourceTree = "<group>"; };
		83367ACD2BC7A4B300E9A614 /* WelcomeView.swift */ = {isa = PBXFileReference; lastKnownFileType = sourcecode.swift; path = WelcomeView.swift; sourceTree = "<group>"; };
		83367ACF2BC7A64400E9A614 /* Launch Screen.storyboard */ = {isa = PBXFileReference; lastKnownFileType = file.storyboard; path = "Launch Screen.storyboard"; sourceTree = "<group>"; };
		83367AD12BC7AD4D00E9A614 /* UIExtension.swift */ = {isa = PBXFileReference; lastKnownFileType = sourcecode.swift; path = UIExtension.swift; sourceTree = "<group>"; };
		8358A8B72BD3F199004BA1EC /* CountryPickerUI.swift */ = {isa = PBXFileReference; lastKnownFileType = sourcecode.swift; path = CountryPickerUI.swift; sourceTree = "<group>"; };
		83650EE62BCE7FEE00844961 /* RoundButton.swift */ = {isa = PBXFileReference; lastKnownFileType = sourcecode.swift; path = RoundButton.swift; sourceTree = "<group>"; };
		83650EE82BCE831100844961 /* SignInView.swift */ = {isa = PBXFileReference; lastKnownFileType = sourcecode.swift; path = SignInView.swift; sourceTree = "<group>"; };
/* End PBXFileReference section */

/* Begin PBXFrameworksBuildPhase section */
		83367A8E2BC7998A00E9A614 /* Frameworks */ = {
			isa = PBXFrameworksBuildPhase;
			buildActionMask = 2147483647;
			files = (
				8358A8B62BD3ECA7004BA1EC /* CountryPicker in Frameworks */,
			);
			runOnlyForDeploymentPostprocessing = 0;
		};
		83367A9E2BC7998C00E9A614 /* Frameworks */ = {
			isa = PBXFrameworksBuildPhase;
			buildActionMask = 2147483647;
			files = (
			);
			runOnlyForDeploymentPostprocessing = 0;
		};
		83367AA82BC7998C00E9A614 /* Frameworks */ = {
			isa = PBXFrameworksBuildPhase;
			buildActionMask = 2147483647;
			files = (
			);
			runOnlyForDeploymentPostprocessing = 0;
		};
/* End PBXFrameworksBuildPhase section */

/* Begin PBXGroup section */
		83367A882BC7998A00E9A614 = {
			isa = PBXGroup;
			children = (
				83367A932BC7998A00E9A614 /* ECommerceSportSwiftUi */,
				83367AA42BC7998C00E9A614 /* ECommerceSportSwiftUiTests */,
				83367AAE2BC7998C00E9A614 /* ECommerceSportSwiftUiUITests */,
				83367A922BC7998A00E9A614 /* Products */,
			);
			sourceTree = "<group>";
		};
		83367A922BC7998A00E9A614 /* Products */ = {
			isa = PBXGroup;
			children = (
				83367A912BC7998A00E9A614 /* ECommerceSportSwiftUi.app */,
				83367AA12BC7998C00E9A614 /* ECommerceSportSwiftUiTests.xctest */,
				83367AAB2BC7998C00E9A614 /* ECommerceSportSwiftUiUITests.xctest */,
			);
			name = Products;
			sourceTree = "<group>";
		};
		83367A932BC7998A00E9A614 /* ECommerceSportSwiftUi */ = {
			isa = PBXGroup;
			children = (
				83367ACB2BC7A11D00E9A614 /* UiCommon */,
				83367ACA2BC7A10400E9A614 /* ViewModel */,
				83367AC92BC7A0F700E9A614 /* Model */,
				83367AC82BC7A0CB00E9A614 /* View */,
				83367AC72BC79FF000E9A614 /* Info.plist */,
				83367ABE2BC79DD000E9A614 /* Font */,
				83367A942BC7998A00E9A614 /* ECommerceSportSwiftUiApp.swift */,
				83367A982BC7998C00E9A614 /* Assets.xcassets */,
				83367A9A2BC7998C00E9A614 /* Preview Content */,
				83367ACF2BC7A64400E9A614 /* Launch Screen.storyboard */,
			);
			path = ECommerceSportSwiftUi;
			sourceTree = "<group>";
		};
		83367A9A2BC7998C00E9A614 /* Preview Content */ = {
			isa = PBXGroup;
			children = (
				83367A9B2BC7998C00E9A614 /* Preview Assets.xcassets */,
			);
			path = "Preview Content";
			sourceTree = "<group>";
		};
		83367AA42BC7998C00E9A614 /* ECommerceSportSwiftUiTests */ = {
			isa = PBXGroup;
			children = (
				83367AA52BC7998C00E9A614 /* ECommerceSportSwiftUiTests.swift */,
			);
			path = ECommerceSportSwiftUiTests;
			sourceTree = "<group>";
		};
		83367AAE2BC7998C00E9A614 /* ECommerceSportSwiftUiUITests */ = {
			isa = PBXGroup;
			children = (
				83367AAF2BC7998C00E9A614 /* ECommerceSportSwiftUiUITests.swift */,
				83367AB12BC7998C00E9A614 /* ECommerceSportSwiftUiUITestsLaunchTests.swift */,
			);
			path = ECommerceSportSwiftUiUITests;
			sourceTree = "<group>";
		};
		83367ABE2BC79DD000E9A614 /* Font */ = {
			isa = PBXGroup;
			children = (
				83367AC02BC79F4E00E9A614 /* Gilroy-Bold.ttf */,
				83367AC22BC79F4E00E9A614 /* Gilroy-Medium.ttf */,
				83367AC12BC79F4E00E9A614 /* Gilroy-Regular.ttf */,
				83367ABF2BC79F4E00E9A614 /* Gilroy-SemiBold.ttf */,
			);
			path = Font;
			sourceTree = "<group>";
		};
		83367AC82BC7A0CB00E9A614 /* View */ = {
			isa = PBXGroup;
			children = (
				83367ACC2BC7A49600E9A614 /* Login */,
			);
			path = View;
			sourceTree = "<group>";
		};
		83367AC92BC7A0F700E9A614 /* Model */ = {
			isa = PBXGroup;
			children = (
			);
			path = Model;
			sourceTree = "<group>";
		};
		83367ACA2BC7A10400E9A614 /* ViewModel */ = {
			isa = PBXGroup;
			children = (
			);
			path = ViewModel;
			sourceTree = "<group>";
		};
		83367ACB2BC7A11D00E9A614 /* UiCommon */ = {
			isa = PBXGroup;
			children = (
				83367AD12BC7AD4D00E9A614 /* UIExtension.swift */,
				83650EE62BCE7FEE00844961 /* RoundButton.swift */,
				8358A8B72BD3F199004BA1EC /* CountryPickerUI.swift */,
			);
			path = UiCommon;
			sourceTree = "<group>";
		};
		83367ACC2BC7A49600E9A614 /* Login */ = {
			isa = PBXGroup;
			children = (
				83367ACD2BC7A4B300E9A614 /* WelcomeView.swift */,
				83650EE82BCE831100844961 /* SignInView.swift */,
			);
			path = Login;
			sourceTree = "<group>";
		};
/* End PBXGroup section */

/* Begin PBXNativeTarget section */
		83367A902BC7998A00E9A614 /* ECommerceSportSwiftUi */ = {
			isa = PBXNativeTarget;
			buildConfigurationList = 83367AB52BC7998C00E9A614 /* Build configuration list for PBXNativeTarget "ECommerceSportSwiftUi" */;
			buildPhases = (
				83367A8D2BC7998A00E9A614 /* Sources */,
				83367A8E2BC7998A00E9A614 /* Frameworks */,
				83367A8F2BC7998A00E9A614 /* Resources */,
			);
			buildRules = (
			);
			dependencies = (
			);
			name = ECommerceSportSwiftUi;
			packageProductDependencies = (
				8358A8B52BD3ECA7004BA1EC /* CountryPicker */,
			);
			productName = ECommerceSportSwiftUi;
			productReference = 83367A912BC7998A00E9A614 /* ECommerceSportSwiftUi.app */;
			productType = "com.apple.product-type.application";
		};
		83367AA02BC7998C00E9A614 /* ECommerceSportSwiftUiTests */ = {
			isa = PBXNativeTarget;
			buildConfigurationList = 83367AB82BC7998C00E9A614 /* Build configuration list for PBXNativeTarget "ECommerceSportSwiftUiTests" */;
			buildPhases = (
				83367A9D2BC7998C00E9A614 /* Sources */,
				83367A9E2BC7998C00E9A614 /* Frameworks */,
				83367A9F2BC7998C00E9A614 /* Resources */,
			);
			buildRules = (
			);
			dependencies = (
				83367AA32BC7998C00E9A614 /* PBXTargetDependency */,
			);
			name = ECommerceSportSwiftUiTests;
			productName = ECommerceSportSwiftUiTests;
			productReference = 83367AA12BC7998C00E9A614 /* ECommerceSportSwiftUiTests.xctest */;
			productType = "com.apple.product-type.bundle.unit-test";
		};
		83367AAA2BC7998C00E9A614 /* ECommerceSportSwiftUiUITests */ = {
			isa = PBXNativeTarget;
			buildConfigurationList = 83367ABB2BC7998C00E9A614 /* Build configuration list for PBXNativeTarget "ECommerceSportSwiftUiUITests" */;
			buildPhases = (
				83367AA72BC7998C00E9A614 /* Sources */,
				83367AA82BC7998C00E9A614 /* Frameworks */,
				83367AA92BC7998C00E9A614 /* Resources */,
			);
			buildRules = (
			);
			dependencies = (
				83367AAD2BC7998C00E9A614 /* PBXTargetDependency */,
			);
			name = ECommerceSportSwiftUiUITests;
			productName = ECommerceSportSwiftUiUITests;
			productReference = 83367AAB2BC7998C00E9A614 /* ECommerceSportSwiftUiUITests.xctest */;
			productType = "com.apple.product-type.bundle.ui-testing";
		};
/* End PBXNativeTarget section */

/* Begin PBXProject section */
		83367A892BC7998A00E9A614 /* Project object */ = {
			isa = PBXProject;
			attributes = {
				BuildIndependentTargetsInParallel = 1;
				LastSwiftUpdateCheck = 1530;
				LastUpgradeCheck = 1530;
				TargetAttributes = {
					83367A902BC7998A00E9A614 = {
						CreatedOnToolsVersion = 15.3;
					};
					83367AA02BC7998C00E9A614 = {
						CreatedOnToolsVersion = 15.3;
						TestTargetID = 83367A902BC7998A00E9A614;
					};
					83367AAA2BC7998C00E9A614 = {
						CreatedOnToolsVersion = 15.3;
						TestTargetID = 83367A902BC7998A00E9A614;
					};
				};
			};
			buildConfigurationList = 83367A8C2BC7998A00E9A614 /* Build configuration list for PBXProject "ECommerceSportSwiftUi" */;
			compatibilityVersion = "Xcode 14.0";
			developmentRegion = en;
			hasScannedForEncodings = 0;
			knownRegions = (
				en,
				Base,
			);
			mainGroup = 83367A882BC7998A00E9A614;
			packageReferences = (
				8358A8B42BD3ECA7004BA1EC /* XCRemoteSwiftPackageReference "CountryPicker" */,
			);
			productRefGroup = 83367A922BC7998A00E9A614 /* Products */;
			projectDirPath = "";
			projectRoot = "";
			targets = (
				83367A902BC7998A00E9A614 /* ECommerceSportSwiftUi */,
				83367AA02BC7998C00E9A614 /* ECommerceSportSwiftUiTests */,
				83367AAA2BC7998C00E9A614 /* ECommerceSportSwiftUiUITests */,
			);
		};
/* End PBXProject section */

/* Begin PBXResourcesBuildPhase section */
		83367A8F2BC7998A00E9A614 /* Resources */ = {
			isa = PBXResourcesBuildPhase;
			buildActionMask = 2147483647;
			files = (
				83367AC52BC79F4E00E9A614 /* Gilroy-Regular.ttf in Resources */,
				83367AC62BC79F4E00E9A614 /* Gilroy-Medium.ttf in Resources */,
				83367A9C2BC7998C00E9A614 /* Preview Assets.xcassets in Resources */,
				83367AC32BC79F4E00E9A614 /* Gilroy-SemiBold.ttf in Resources */,
				83367A992BC7998C00E9A614 /* Assets.xcassets in Resources */,
				83367AC42BC79F4E00E9A614 /* Gilroy-Bold.ttf in Resources */,
				83367AD02BC7A64400E9A614 /* Launch Screen.storyboard in Resources */,
			);
			runOnlyForDeploymentPostprocessing = 0;
		};
		83367A9F2BC7998C00E9A614 /* Resources */ = {
			isa = PBXResourcesBuildPhase;
			buildActionMask = 2147483647;
			files = (
			);
			runOnlyForDeploymentPostprocessing = 0;
		};
		83367AA92BC7998C00E9A614 /* Resources */ = {
			isa = PBXResourcesBuildPhase;
			buildActionMask = 2147483647;
			files = (
			);
			runOnlyForDeploymentPostprocessing = 0;
		};
/* End PBXResourcesBuildPhase section */

/* Begin PBXSourcesBuildPhase section */
		83367A8D2BC7998A00E9A614 /* Sources */ = {
			isa = PBXSourcesBuildPhase;
			buildActionMask = 2147483647;
			files = (
				8358A8B82BD3F199004BA1EC /* CountryPickerUI.swift in Sources */,
				83650EE72BCE7FEE00844961 /* RoundButton.swift in Sources */,
				83367A952BC7998A00E9A614 /* ECommerceSportSwiftUiApp.swift in Sources */,
				83367AD22BC7AD4D00E9A614 /* UIExtension.swift in Sources */,
				83367ACE2BC7A4B300E9A614 /* WelcomeView.swift in Sources */,
				83650EE92BCE831100844961 /* SignInView.swift in Sources */,
			);
			runOnlyForDeploymentPostprocessing = 0;
		};
		83367A9D2BC7998C00E9A614 /* Sources */ = {
			isa = PBXSourcesBuildPhase;
			buildActionMask = 2147483647;
			files = (
				83367AA62BC7998C00E9A614 /* ECommerceSportSwiftUiTests.swift in Sources */,
			);
			runOnlyForDeploymentPostprocessing = 0;
		};
		83367AA72BC7998C00E9A614 /* Sources */ = {
			isa = PBXSourcesBuildPhase;
			buildActionMask = 2147483647;
			files = (
				83367AB22BC7998C00E9A614 /* ECommerceSportSwiftUiUITestsLaunchTests.swift in Sources */,
				83367AB02BC7998C00E9A614 /* ECommerceSportSwiftUiUITests.swift in Sources */,
			);
			runOnlyForDeploymentPostprocessing = 0;
		};
/* End PBXSourcesBuildPhase section */

/* Begin PBXTargetDependency section */
		83367AA32BC7998C00E9A614 /* PBXTargetDependency */ = {
			isa = PBXTargetDependency;
			target = 83367A902BC7998A00E9A614 /* ECommerceSportSwiftUi */;
			targetProxy = 83367AA22BC7998C00E9A614 /* PBXContainerItemProxy */;
		};
		83367AAD2BC7998C00E9A614 /* PBXTargetDependency */ = {
			isa = PBXTargetDependency;
			target = 83367A902BC7998A00E9A614 /* ECommerceSportSwiftUi */;
			targetProxy = 83367AAC2BC7998C00E9A614 /* PBXContainerItemProxy */;
		};
/* End PBXTargetDependency section */

/* Begin XCBuildConfiguration section */
		83367AB32BC7998C00E9A614 /* Debug */ = {
			isa = XCBuildConfiguration;
			buildSettings = {
				ALWAYS_SEARCH_USER_PATHS = NO;
				ASSETCATALOG_COMPILER_GENERATE_SWIFT_ASSET_SYMBOL_EXTENSIONS = YES;
				CLANG_ANALYZER_NONNULL = YES;
				CLANG_ANALYZER_NUMBER_OBJECT_CONVERSION = YES_AGGRESSIVE;
				CLANG_CXX_LANGUAGE_STANDARD = "gnu++20";
				CLANG_ENABLE_MODULES = YES;
				CLANG_ENABLE_OBJC_ARC = YES;
				CLANG_ENABLE_OBJC_WEAK = YES;
				CLANG_WARN_BLOCK_CAPTURE_AUTORELEASING = YES;
				CLANG_WARN_BOOL_CONVERSION = YES;
				CLANG_WARN_COMMA = YES;
				CLANG_WARN_CONSTANT_CONVERSION = YES;
				CLANG_WARN_DEPRECATED_OBJC_IMPLEMENTATIONS = YES;
				CLANG_WARN_DIRECT_OBJC_ISA_USAGE = YES_ERROR;
				CLANG_WARN_DOCUMENTATION_COMMENTS = YES;
				CLANG_WARN_EMPTY_BODY = YES;
				CLANG_WARN_ENUM_CONVERSION = YES;
				CLANG_WARN_INFINITE_RECURSION = YES;
				CLANG_WARN_INT_CONVERSION = YES;
				CLANG_WARN_NON_LITERAL_NULL_CONVERSION = YES;
				CLANG_WARN_OBJC_IMPLICIT_RETAIN_SELF = YES;
				CLANG_WARN_OBJC_LITERAL_CONVERSION = YES;
				CLANG_WARN_OBJC_ROOT_CLASS = YES_ERROR;
				CLANG_WARN_QUOTED_INCLUDE_IN_FRAMEWORK_HEADER = YES;
				CLANG_WARN_RANGE_LOOP_ANALYSIS = YES;
				CLANG_WARN_STRICT_PROTOTYPES = YES;
				CLANG_WARN_SUSPICIOUS_MOVE = YES;
				CLANG_WARN_UNGUARDED_AVAILABILITY = YES_AGGRESSIVE;
				CLANG_WARN_UNREACHABLE_CODE = YES;
				CLANG_WARN__DUPLICATE_METHOD_MATCH = YES;
				COPY_PHASE_STRIP = NO;
				DEBUG_INFORMATION_FORMAT = dwarf;
				ENABLE_STRICT_OBJC_MSGSEND = YES;
				ENABLE_TESTABILITY = YES;
				ENABLE_USER_SCRIPT_SANDBOXING = YES;
				GCC_C_LANGUAGE_STANDARD = gnu17;
				GCC_DYNAMIC_NO_PIC = NO;
				GCC_NO_COMMON_BLOCKS = YES;
				GCC_OPTIMIZATION_LEVEL = 0;
				GCC_PREPROCESSOR_DEFINITIONS = (
					"DEBUG=1",
					"$(inherited)",
				);
				GCC_WARN_64_TO_32_BIT_CONVERSION = YES;
				GCC_WARN_ABOUT_RETURN_TYPE = YES_ERROR;
				GCC_WARN_UNDECLARED_SELECTOR = YES;
				GCC_WARN_UNINITIALIZED_AUTOS = YES_AGGRESSIVE;
				GCC_WARN_UNUSED_FUNCTION = YES;
				GCC_WARN_UNUSED_VARIABLE = YES;
				IPHONEOS_DEPLOYMENT_TARGET = 17.4;
				LOCALIZATION_PREFERS_STRING_CATALOGS = YES;
				MTL_ENABLE_DEBUG_INFO = INCLUDE_SOURCE;
				MTL_FAST_MATH = YES;
				ONLY_ACTIVE_ARCH = YES;
				SDKROOT = iphoneos;
				SWIFT_ACTIVE_COMPILATION_CONDITIONS = "DEBUG $(inherited)";
				SWIFT_OPTIMIZATION_LEVEL = "-Onone";
			};
			name = Debug;
		};
		83367AB42BC7998C00E9A614 /* Release */ = {
			isa = XCBuildConfiguration;
			buildSettings = {
				ALWAYS_SEARCH_USER_PATHS = NO;
				ASSETCATALOG_COMPILER_GENERATE_SWIFT_ASSET_SYMBOL_EXTENSIONS = YES;
				CLANG_ANALYZER_NONNULL = YES;
				CLANG_ANALYZER_NUMBER_OBJECT_CONVERSION = YES_AGGRESSIVE;
				CLANG_CXX_LANGUAGE_STANDARD = "gnu++20";
				CLANG_ENABLE_MODULES = YES;
				CLANG_ENABLE_OBJC_ARC = YES;
				CLANG_ENABLE_OBJC_WEAK = YES;
				CLANG_WARN_BLOCK_CAPTURE_AUTORELEASING = YES;
				CLANG_WARN_BOOL_CONVERSION = YES;
				CLANG_WARN_COMMA = YES;
				CLANG_WARN_CONSTANT_CONVERSION = YES;
				CLANG_WARN_DEPRECATED_OBJC_IMPLEMENTATIONS = YES;
				CLANG_WARN_DIRECT_OBJC_ISA_USAGE = YES_ERROR;
				CLANG_WARN_DOCUMENTATION_COMMENTS = YES;
				CLANG_WARN_EMPTY_BODY = YES;
				CLANG_WARN_ENUM_CONVERSION = YES;
				CLANG_WARN_INFINITE_RECURSION = YES;
				CLANG_WARN_INT_CONVERSION = YES;
				CLANG_WARN_NON_LITERAL_NULL_CONVERSION = YES;
				CLANG_WARN_OBJC_IMPLICIT_RETAIN_SELF = YES;
				CLANG_WARN_OBJC_LITERAL_CONVERSION = YES;
				CLANG_WARN_OBJC_ROOT_CLASS = YES_ERROR;
				CLANG_WARN_QUOTED_INCLUDE_IN_FRAMEWORK_HEADER = YES;
				CLANG_WARN_RANGE_LOOP_ANALYSIS = YES;
				CLANG_WARN_STRICT_PROTOTYPES = YES;
				CLANG_WARN_SUSPICIOUS_MOVE = YES;
				CLANG_WARN_UNGUARDED_AVAILABILITY = YES_AGGRESSIVE;
				CLANG_WARN_UNREACHABLE_CODE = YES;
				CLANG_WARN__DUPLICATE_METHOD_MATCH = YES;
				COPY_PHASE_STRIP = NO;
				DEBUG_INFORMATION_FORMAT = "dwarf-with-dsym";
				ENABLE_NS_ASSERTIONS = NO;
				ENABLE_STRICT_OBJC_MSGSEND = YES;
				ENABLE_USER_SCRIPT_SANDBOXING = YES;
				GCC_C_LANGUAGE_STANDARD = gnu17;
				GCC_NO_COMMON_BLOCKS = YES;
				GCC_WARN_64_TO_32_BIT_CONVERSION = YES;
				GCC_WARN_ABOUT_RETURN_TYPE = YES_ERROR;
				GCC_WARN_UNDECLARED_SELECTOR = YES;
				GCC_WARN_UNINITIALIZED_AUTOS = YES_AGGRESSIVE;
				GCC_WARN_UNUSED_FUNCTION = YES;
				GCC_WARN_UNUSED_VARIABLE = YES;
				IPHONEOS_DEPLOYMENT_TARGET = 17.4;
				LOCALIZATION_PREFERS_STRING_CATALOGS = YES;
				MTL_ENABLE_DEBUG_INFO = NO;
				MTL_FAST_MATH = YES;
				SDKROOT = iphoneos;
				SWIFT_COMPILATION_MODE = wholemodule;
				VALIDATE_PRODUCT = YES;
			};
			name = Release;
		};
		83367AB62BC7998C00E9A614 /* Debug */ = {
			isa = XCBuildConfiguration;
			buildSettings = {
				ASSETCATALOG_COMPILER_APPICON_NAME = AppIcon;
				ASSETCATALOG_COMPILER_GLOBAL_ACCENT_COLOR_NAME = AccentColor;
				CODE_SIGN_STYLE = Automatic;
				CURRENT_PROJECT_VERSION = 1;
				DEVELOPMENT_ASSET_PATHS = "\"ECommerceSportSwiftUi/Preview Content\"";
				ENABLE_PREVIEWS = YES;
				GENERATE_INFOPLIST_FILE = YES;
				INFOPLIST_FILE = ECommerceSportSwiftUi/Info.plist;
				INFOPLIST_KEY_UIApplicationSceneManifest_Generation = YES;
				INFOPLIST_KEY_UIApplicationSupportsIndirectInputEvents = YES;
				INFOPLIST_KEY_UILaunchScreen_Generation = YES;
				INFOPLIST_KEY_UILaunchStoryboardName = "Launch Screen.storyboard";
				INFOPLIST_KEY_UIStatusBarHidden = YES;
				INFOPLIST_KEY_UISupportedInterfaceOrientations = UIInterfaceOrientationPortrait;
				INFOPLIST_KEY_UISupportedInterfaceOrientations_iPad = "UIInterfaceOrientationLandscapeLeft UIInterfaceOrientationLandscapeRight UIInterfaceOrientationPortrait";
				IPHONEOS_DEPLOYMENT_TARGET = 14.0;
				LD_RUNPATH_SEARCH_PATHS = (
					"$(inherited)",
					"@executable_path/Frameworks",
				);
				MARKETING_VERSION = 1.0;
				PRODUCT_BUNDLE_IDENTIFIER = com.LotsAndHots.ECommerceSportSwiftUi;
				PRODUCT_NAME = "$(TARGET_NAME)";
				SUPPORTED_PLATFORMS = "iphoneos iphonesimulator";
				SUPPORTS_MACCATALYST = NO;
				SUPPORTS_MAC_DESIGNED_FOR_IPHONE_IPAD = NO;
				SUPPORTS_XR_DESIGNED_FOR_IPHONE_IPAD = NO;
				SWIFT_EMIT_LOC_STRINGS = YES;
				SWIFT_VERSION = 5.0;
				TARGETED_DEVICE_FAMILY = 1;
			};
			name = Debug;
		};
		83367AB72BC7998C00E9A614 /* Release */ = {
			isa = XCBuildConfiguration;
			buildSettings = {
				ASSETCATALOG_COMPILER_APPICON_NAME = AppIcon;
				ASSETCATALOG_COMPILER_GLOBAL_ACCENT_COLOR_NAME = AccentColor;
				CODE_SIGN_STYLE = Automatic;
				CURRENT_PROJECT_VERSION = 1;
				DEVELOPMENT_ASSET_PATHS = "\"ECommerceSportSwiftUi/Preview Content\"";
				ENABLE_PREVIEWS = YES;
				GENERATE_INFOPLIST_FILE = YES;
				INFOPLIST_FILE = ECommerceSportSwiftUi/Info.plist;
				INFOPLIST_KEY_UIApplicationSceneManifest_Generation = YES;
				INFOPLIST_KEY_UIApplicationSupportsIndirectInputEvents = YES;
				INFOPLIST_KEY_UILaunchScreen_Generation = YES;
				INFOPLIST_KEY_UILaunchStoryboardName = "Launch Screen.storyboard";
				INFOPLIST_KEY_UIStatusBarHidden = YES;
				INFOPLIST_KEY_UISupportedInterfaceOrientations = UIInterfaceOrientationPortrait;
				INFOPLIST_KEY_UISupportedInterfaceOrientations_iPad = "UIInterfaceOrientationLandscapeLeft UIInterfaceOrientationLandscapeRight UIInterfaceOrientationPortrait";
				IPHONEOS_DEPLOYMENT_TARGET = 14.0;
				LD_RUNPATH_SEARCH_PATHS = (
					"$(inherited)",
					"@executable_path/Frameworks",
				);
				MARKETING_VERSION = 1.0;
				PRODUCT_BUNDLE_IDENTIFIER = com.LotsAndHots.ECommerceSportSwiftUi;
				PRODUCT_NAME = "$(TARGET_NAME)";
				SUPPORTED_PLATFORMS = "iphoneos iphonesimulator";
				SUPPORTS_MACCATALYST = NO;
				SUPPORTS_MAC_DESIGNED_FOR_IPHONE_IPAD = NO;
				SUPPORTS_XR_DESIGNED_FOR_IPHONE_IPAD = NO;
				SWIFT_EMIT_LOC_STRINGS = YES;
				SWIFT_VERSION = 5.0;
				TARGETED_DEVICE_FAMILY = 1;
			};
			name = Release;
		};
		83367AB92BC7998C00E9A614 /* Debug */ = {
			isa = XCBuildConfiguration;
			buildSettings = {
				ALWAYS_EMBED_SWIFT_STANDARD_LIBRARIES = YES;
				BUNDLE_LOADER = "$(TEST_HOST)";
				CODE_SIGN_STYLE = Automatic;
				CURRENT_PROJECT_VERSION = 1;
				GENERATE_INFOPLIST_FILE = YES;
				IPHONEOS_DEPLOYMENT_TARGET = 17.4;
				MARKETING_VERSION = 1.0;
				PRODUCT_BUNDLE_IDENTIFIER = com.LotsAndHots.ECommerceSportSwiftUiTests;
				PRODUCT_NAME = "$(TARGET_NAME)";
				SWIFT_EMIT_LOC_STRINGS = NO;
				SWIFT_VERSION = 5.0;
				TARGETED_DEVICE_FAMILY = "1,2";
				TEST_HOST = "$(BUILT_PRODUCTS_DIR)/ECommerceSportSwiftUi.app/$(BUNDLE_EXECUTABLE_FOLDER_PATH)/ECommerceSportSwiftUi";
			};
			name = Debug;
		};
		83367ABA2BC7998C00E9A614 /* Release */ = {
			isa = XCBuildConfiguration;
			buildSettings = {
				ALWAYS_EMBED_SWIFT_STANDARD_LIBRARIES = YES;
				BUNDLE_LOADER = "$(TEST_HOST)";
				CODE_SIGN_STYLE = Automatic;
				CURRENT_PROJECT_VERSION = 1;
				GENERATE_INFOPLIST_FILE = YES;
				IPHONEOS_DEPLOYMENT_TARGET = 17.4;
				MARKETING_VERSION = 1.0;
				PRODUCT_BUNDLE_IDENTIFIER = com.LotsAndHots.ECommerceSportSwiftUiTests;
				PRODUCT_NAME = "$(TARGET_NAME)";
				SWIFT_EMIT_LOC_STRINGS = NO;
				SWIFT_VERSION = 5.0;
				TARGETED_DEVICE_FAMILY = "1,2";
				TEST_HOST = "$(BUILT_PRODUCTS_DIR)/ECommerceSportSwiftUi.app/$(BUNDLE_EXECUTABLE_FOLDER_PATH)/ECommerceSportSwiftUi";
			};
			name = Release;
		};
		83367ABC2BC7998C00E9A614 /* Debug */ = {
			isa = XCBuildConfiguration;
			buildSettings = {
				ALWAYS_EMBED_SWIFT_STANDARD_LIBRARIES = YES;
				CODE_SIGN_STYLE = Automatic;
				CURRENT_PROJECT_VERSION = 1;
				GENERATE_INFOPLIST_FILE = YES;
				MARKETING_VERSION = 1.0;
				PRODUCT_BUNDLE_IDENTIFIER = com.LotsAndHots.ECommerceSportSwiftUiUITests;
				PRODUCT_NAME = "$(TARGET_NAME)";
				SWIFT_EMIT_LOC_STRINGS = NO;
				SWIFT_VERSION = 5.0;
				TARGETED_DEVICE_FAMILY = "1,2";
				TEST_TARGET_NAME = ECommerceSportSwiftUi;
			};
			name = Debug;
		};
		83367ABD2BC7998C00E9A614 /* Release */ = {
			isa = XCBuildConfiguration;
			buildSettings = {
				ALWAYS_EMBED_SWIFT_STANDARD_LIBRARIES = YES;
				CODE_SIGN_STYLE = Automatic;
				CURRENT_PROJECT_VERSION = 1;
				GENERATE_INFOPLIST_FILE = YES;
				MARKETING_VERSION = 1.0;
				PRODUCT_BUNDLE_IDENTIFIER = com.LotsAndHots.ECommerceSportSwiftUiUITests;
				PRODUCT_NAME = "$(TARGET_NAME)";
				SWIFT_EMIT_LOC_STRINGS = NO;
				SWIFT_VERSION = 5.0;
				TARGETED_DEVICE_FAMILY = "1,2";
				TEST_TARGET_NAME = ECommerceSportSwiftUi;
			};
			name = Release;
		};
/* End XCBuildConfiguration section */

/* Begin XCConfigurationList section */
		83367A8C2BC7998A00E9A614 /* Build configuration list for PBXProject "ECommerceSportSwiftUi" */ = {
			isa = XCConfigurationList;
			buildConfigurations = (
				83367AB32BC7998C00E9A614 /* Debug */,
				83367AB42BC7998C00E9A614 /* Release */,
			);
			defaultConfigurationIsVisible = 0;
			defaultConfigurationName = Release;
		};
		83367AB52BC7998C00E9A614 /* Build configuration list for PBXNativeTarget "ECommerceSportSwiftUi" */ = {
			isa = XCConfigurationList;
			buildConfigurations = (
				83367AB62BC7998C00E9A614 /* Debug */,
				83367AB72BC7998C00E9A614 /* Release */,
			);
			defaultConfigurationIsVisible = 0;
			defaultConfigurationName = Release;
		};
		83367AB82BC7998C00E9A614 /* Build configuration list for PBXNativeTarget "ECommerceSportSwiftUiTests" */ = {
			isa = XCConfigurationList;
			buildConfigurations = (
				83367AB92BC7998C00E9A614 /* Debug */,
				83367ABA2BC7998C00E9A614 /* Release */,
			);
			defaultConfigurationIsVisible = 0;
			defaultConfigurationName = Release;
		};
		83367ABB2BC7998C00E9A614 /* Build configuration list for PBXNativeTarget "ECommerceSportSwiftUiUITests" */ = {
			isa = XCConfigurationList;
			buildConfigurations = (
				83367ABC2BC7998C00E9A614 /* Debug */,
				83367ABD2BC7998C00E9A614 /* Release */,
			);
			defaultConfigurationIsVisible = 0;
			defaultConfigurationName = Release;
		};
/* End XCConfigurationList section */

/* Begin XCRemoteSwiftPackageReference section */
		8358A8B42BD3ECA7004BA1EC /* XCRemoteSwiftPackageReference "CountryPicker" */ = {
			isa = XCRemoteSwiftPackageReference;
			repositoryURL = "https://github.com/mobven/CountryPicker.git";
			requirement = {
				kind = upToNextMajorVersion;
				minimumVersion = 2.0.3;
			};
		};
/* End XCRemoteSwiftPackageReference section */

/* Begin XCSwiftPackageProductDependency section */
		8358A8B52BD3ECA7004BA1EC /* CountryPicker */ = {
			isa = XCSwiftPackageProductDependency;
			package = 8358A8B42BD3ECA7004BA1EC /* XCRemoteSwiftPackageReference "CountryPicker" */;
			productName = CountryPicker;
		};
/* End XCSwiftPackageProductDependency section */
	};
	rootObject = 83367A892BC7998A00E9A614 /* Project object */;
}
